uuid: 95e7ee45-5faa-4b42-b623-4aecf24e331e
langcode: en
status: true
dependencies:
  content:
    - 'block_content:image_block:4998fcce-c9fd-46b8-ada4-f8105a290315'
  module:
    - block_class
    - block_content
    - system
  theme:
    - dartlamp
third_party_settings:
  block_class:
    classes: c-hero
id: bioimageblock
theme: dartlamp
region: featured
weight: 0
provider: null
plugin: 'block_content:4998fcce-c9fd-46b8-ada4-f8105a290315'
settings:
  id: 'block_content:4998fcce-c9fd-46b8-ada4-f8105a290315'
  label: 'Bio image block'
  provider: block_content
  label_display: '0'
  status: true
  info: ''
  view_mode: full
visibility:
  request_path:
    id: request_path
    pages: /bio
    negate: false
    context_mapping: {  }
