uuid: 8b4d1706-5c3a-4657-a7a3-5ad05dce0b38
langcode: en
status: true
dependencies:
  content:
    - 'block_content:image_block:dd8dddf4-41c5-47c8-b289-2989635877a0'
  module:
    - block_class
    - block_content
    - system
  theme:
    - dartlamp
third_party_settings:
  block_class:
    classes: c-hero
id: dartlampimageblock
theme: dartlamp
region: featured
weight: 0
provider: null
plugin: 'block_content:dd8dddf4-41c5-47c8-b289-2989635877a0'
settings:
  id: 'block_content:dd8dddf4-41c5-47c8-b289-2989635877a0'
  label: 'Dartlamp image block'
  provider: block_content
  label_display: '0'
  status: true
  info: ''
  view_mode: full
visibility:
  request_path:
    id: request_path
    pages: /dart-lamp
    negate: false
    context_mapping: {  }
