uuid: 2034ae7c-8596-422a-9c60-2d75261aa27d
langcode: en
status: true
dependencies:
  config:
    - block_content.type.image_block
    - field.storage.block_content.field_field_image_block
  module:
    - image
id: block_content.image_block.field_field_image_block
field_name: field_field_image_block
entity_type: block_content
bundle: image_block
label: 'Field image block'
description: ''
required: false
translatable: false
default_value: {  }
default_value_callback: ''
settings:
  file_directory: '[date:custom:Y]-[date:custom:m]'
  file_extensions: 'png gif jpg jpeg'
  max_filesize: '2 MB'
  max_resolution: ''
  min_resolution: ''
  alt_field: true
  alt_field_required: true
  title_field: false
  title_field_required: false
  default_image:
    uuid: ''
    alt: ''
    title: ''
    width: null
    height: null
  handler: 'default:file'
  handler_settings: {  }
field_type: image
