uuid: 4986fdfa-c85a-4728-9a01-60a60e82f437
langcode: en
status: true
dependencies:
  module:
    - block_content
    - file
    - image
id: block_content.field_field_image_block
field_name: field_field_image_block
entity_type: block_content
type: image
settings:
  uri_scheme: public
  default_image:
    uuid: ''
    alt: ''
    title: ''
    width: null
    height: null
  target_type: file
  display_field: false
  display_default: false
module: image
locked: false
cardinality: 1
translatable: true
indexes: {  }
persist_with_no_fields: false
custom_storage: false
