uuid: d48d4fa7-5a1d-4fd8-b7f9-4c8d285f1469
langcode: en
status: true
dependencies:
  config:
    - filter.format.basic_html
id: bio_image_block
title: 'Hero image bio'
content:
  value: "<p><img alt=\"Biography hero image\" data-entity-type=\"file\" data-entity-uuid=\"ed5a2207-0215-4c80-8ddf-e5ca1c50134a\" src=\"/sites/default/files/inline-images/Bio--cropped.jpg\" /></p>\r\n"
  format: basic_html
